
Microsoft Visual Studio Solution File, Format Version 12.00
# Visual Studio Version 17
VisualStudioVersion = 17.9.34714.143
MinimumVisualStudioVersion = 10.0.40219.1
Project("{9A19103F-16F7-4668-BE54-9A1E7A4F7556}") = "OhShoo.Zhihu.HttpApi", "OhShoo.Zhihu.HttpApi\OhShoo.Zhihu.HttpApi.csproj", "{75BDB5FD-C0A8-4120-9A3F-DAC237BD3137}"
EndProject
Project("{9A19103F-16F7-4668-BE54-9A1E7A4F7556}") = "OhShoo.Zhihu.Domain", "OhShoo.Zhihu.Domain\OhShoo.Zhihu.Domain.csproj", "{63342174-D8CD-4AA9-9402-C5567B61BEEE}"
EndProject
Project("{9A19103F-16F7-4668-BE54-9A1E7A4F7556}") = "OhShoo.Zhihu.Infrastructure", "OhShoo.Zhihu.Infrastructure\OhShoo.Zhihu.Infrastructure.csproj", "{2210AFB6-A4CB-4894-A216-F0441722FFA3}"
EndProject
Project("{9A19103F-16F7-4668-BE54-9A1E7A4F7556}") = "OhShoo.Zhihu.UseCases", "OhShoo.Zhihu.UseCases\OhShoo.Zhihu.UseCases.csproj", "{AD83E027-2EC5-4FBA-890C-E6EDD80F9FF3}"
EndProject
Global
	GlobalSection(SolutionConfigurationPlatforms) = preSolution
		Debug|Any CPU = Debug|Any CPU
		Release|Any CPU = Release|Any CPU
	EndGlobalSection
	GlobalSection(ProjectConfigurationPlatforms) = postSolution
		{75BDB5FD-C0A8-4120-9A3F-DAC237BD3137}.Debug|Any CPU.ActiveCfg = Debug|Any CPU
		{75BDB5FD-C0A8-4120-9A3F-DAC237BD3137}.Debug|Any CPU.Build.0 = Debug|Any CPU
		{75BDB5FD-C0A8-4120-9A3F-DAC237BD3137}.Release|Any CPU.ActiveCfg = Release|Any CPU
		{75BDB5FD-C0A8-4120-9A3F-DAC237BD3137}.Release|Any CPU.Build.0 = Release|Any CPU
		{63342174-D8CD-4AA9-9402-C5567B61BEEE}.Debug|Any CPU.ActiveCfg = Debug|Any CPU
		{63342174-D8CD-4AA9-9402-C5567B61BEEE}.Debug|Any CPU.Build.0 = Debug|Any CPU
		{63342174-D8CD-4AA9-9402-C5567B61BEEE}.Release|Any CPU.ActiveCfg = Release|Any CPU
		{63342174-D8CD-4AA9-9402-C5567B61BEEE}.Release|Any CPU.Build.0 = Release|Any CPU
		{2210AFB6-A4CB-4894-A216-F0441722FFA3}.Debug|Any CPU.ActiveCfg = Debug|Any CPU
		{2210AFB6-A4CB-4894-A216-F0441722FFA3}.Debug|Any CPU.Build.0 = Debug|Any CPU
		{2210AFB6-A4CB-4894-A216-F0441722FFA3}.Release|Any CPU.ActiveCfg = Release|Any CPU
		{2210AFB6-A4CB-4894-A216-F0441722FFA3}.Release|Any CPU.Build.0 = Release|Any CPU
		{AD83E027-2EC5-4FBA-890C-E6EDD80F9FF3}.Debug|Any CPU.ActiveCfg = Debug|Any CPU
		{AD83E027-2EC5-4FBA-890C-E6EDD80F9FF3}.Debug|Any CPU.Build.0 = Debug|Any CPU
		{AD83E027-2EC5-4FBA-890C-E6EDD80F9FF3}.Release|Any CPU.ActiveCfg = Release|Any CPU
		{AD83E027-2EC5-4FBA-890C-E6EDD80F9FF3}.Release|Any CPU.Build.0 = Release|Any CPU
	EndGlobalSection
	GlobalSection(SolutionProperties) = preSolution
		HideSolutionNode = FALSE
	EndGlobalSection
	GlobalSection(ExtensibilityGlobals) = postSolution
		SolutionGuid = {80D75049-A37D-40E0-AB5D-5DAF84ECCD83}
	EndGlobalSection
EndGlobal
